
Microsoft Visual Studio Solution File, Format Version 12.00
# Visual Studio Version 16
VisualStudioVersion = 16.0.30907.101
MinimumVisualStudioVersion = 10.0.40219.1
Project("{FAE04EC0-301F-11D3-BF4B-00C04F79EFBC}") = "UStandard", "UStandard.csproj", "{A0748409-2718-4277-9194-7EAE5C4ADD08}"
EndProject
Global
	GlobalSection(SolutionConfigurationPlatforms) = preSolution
		Debug|Any CPU = Debug|Any CPU
		Release|Any CPU = Release|Any CPU
	EndGlobalSection
	GlobalSection(ProjectConfigurationPlatforms) = postSolution
		{A0748409-2718-4277-9194-7EAE5C4ADD08}.Debug|Any CPU.ActiveCfg = Debug|Any CPU
		{A0748409-2718-4277-9194-7EAE5C4ADD08}.Debug|Any CPU.Build.0 = Debug|Any CPU
		{A0748409-2718-4277-9194-7EAE5C4ADD08}.Release|Any CPU.ActiveCfg = Release|Any CPU
		{A0748409-2718-4277-9194-7EAE5C4ADD08}.Release|Any CPU.Build.0 = Release|Any CPU
	EndGlobalSection
	GlobalSection(SolutionProperties) = preSolution
		HideSolutionNode = FALSE
	EndGlobalSection
	GlobalSection(ExtensibilityGlobals) = postSolution
		SolutionGuid = {FBA0AD10-28C2-4001-ADC0-4B7293FADB21}
	EndGlobalSection
EndGlobal
